{
  "originHash" : "498cdcf86078acd74bd38939fc2172eb8fb67e54dbec7b853426276d35eef23d",
  "pins" : [
    {
      "identity" : "arcgis-maps-sdk-swift",
      "kind" : "remoteSourceControl",
      "location" : "https://github.com/Esri/arcgis-maps-sdk-swift",
      "state" : {
        "revision" : "77f68639aa1eef7db0716fd7c37bad628d9b80f9",
        "version" : "200.7.0"
      }
    },
    {
      "identity" : "arcgis-maps-sdk-swift-toolkit",
      "kind" : "remoteSourceControl",
      "location" : "https://github.com/Esri/arcgis-maps-sdk-swift-toolkit",
      "state" : {
        "revision" : "472d484b0190ce12aa90f76fef800e73873cb5e8",
        "version" : "200.7.1"
      }
    },
    {
      "identity" : "mapbox-common-ios",
      "kind" : "remoteSourceControl",
      "location" : "https://github.com/mapbox/mapbox-common-ios.git",
      "state" : {
        "revision" : "c0a4714b17df735682bf49dbefc088bd18d4d35d",
        "version" : "24.13.3"
      }
    },
    {
      "identity" : "mapbox-core-maps-ios",
      "kind" : "remoteSourceControl",
      "location" : "https://github.com/mapbox/mapbox-core-maps-ios.git",
      "state" : {
        "revision" : "0ccc2e993f6648a1613c59088cd9f8115920f8df",
        "version" : "11.13.3"
      }
    },
    {
      "identity" : "mapbox-maps-ios",
      "kind" : "remoteSourceControl",
      "location" : "https://github.com/mapbox/mapbox-maps-ios.git",
      "state" : {
        "revision" : "be0253833d03357d6b3a260c793c7ee09581ad3f",
        "version" : "11.13.3"
      }
    },
    {
      "identity" : "modals",
      "kind" : "remoteSourceControl",
      "location" : "https://github.com/fieldday-ai/Modals",
      "state" : {
        "branch" : "main",
        "revision" : "141c2c321258c260d4fc4f9d0d448fee61b5fd5b"
      }
    },
    {
      "identity" : "swift-cmark",
      "kind" : "remoteSourceControl",
      "location" : "https://github.com/apple/swift-cmark.git",
      "state" : {
        "revision" : "b022b08312decdc46585e0b3440d97f6f22ef703",
        "version" : "0.6.0"
      }
    },
    {
      "identity" : "swift-collections",
      "kind" : "remoteSourceControl",
      "location" : "https://github.com/apple/swift-collections",
      "state" : {
        "revision" : "c1805596154bb3a265fd91b8ac0c4433b4348fb0",
        "version" : "1.2.0"
      }
    },
    {
      "identity" : "swift-identified-collections",
      "kind" : "remoteSourceControl",
      "location" : "https://github.com/pointfreeco/swift-identified-collections",
      "state" : {
        "revision" : "322d9ffeeba85c9f7c4984b39422ec7cc3c56597",
        "version" : "1.1.1"
      }
    },
    {
      "identity" : "swift-markdown",
      "kind" : "remoteSourceControl",
      "location" : "https://github.com/swiftlang/swift-markdown.git",
      "state" : {
        "revision" : "4aae40bf6fff5286e0e1672329d17824ce16e081",
        "version" : "0.4.0"
      }
    },
    {
      "identity" : "turf-swift",
      "kind" : "remoteSourceControl",
      "location" : "https://github.com/mapbox/turf-swift.git",
      "state" : {
        "revision" : "bf840e6b9529d105687840fe2c9dcd74197d46d1",
        "version" : "4.0.0"
      }
    }
  ],
  "version" : 3
}
