// !$*UTF8*$!
{
	archiveVersion = 1;
	classes = {
	};
	objectVersion = 77;
	objects = {

/* Begin PBXBuildFile section */
		E8CD6FB52E3847FC00B71633 /* FirebaseAI in Frameworks */ = {isa = PBXBuildFile; productRef = E8CD6FB42E3847FC00B71633 /* FirebaseAI */; };
		E8CD6FB72E3847FC00B71633 /* FirebaseAnalytics in Frameworks */ = {isa = PBXBuildFile; productRef = E8CD6FB62E3847FC00B71633 /* FirebaseAnalytics */; };
		E8CD6FB92E3847FC00B71633 /* FirebaseAnalyticsCore in Frameworks */ = {isa = PBXBuildFile; productRef = E8CD6FB82E3847FC00B71633 /* FirebaseAnalyticsCore */; };
		E8CD6FBB2E3847FC00B71633 /* FirebaseAnalyticsIdentitySupport in Frameworks */ = {isa = PBXBuildFile; productRef = E8CD6FBA2E3847FC00B71633 /* FirebaseAnalyticsIdentitySupport */; };
		E8CD6FBD2E3847FC00B71633 /* FirebaseAppCheck in Frameworks */ = {isa = PBXBuildFile; productRef = E8CD6FBC2E3847FC00B71633 /* FirebaseAppCheck */; };
		E8CD6FC22E38493000B71633 /* FirebaseFirestore in Frameworks */ = {isa = PBXBuildFile; productRef = E8CD6FC12E38493000B71633 /* FirebaseFirestore */; };
		E8F6A6512E257FB500E68A5A /* ArcGIS in Frameworks */ = {isa = PBXBuildFile; productRef = E8F6A6502E257FB500E68A5A /* ArcGIS */; };
		E8F6A6542E25806900E68A5A /* ArcGISToolkit in Frameworks */ = {isa = PBXBuildFile; productRef = E8F6A6532E25806900E68A5A /* ArcGISToolkit */; };
		E8F6A65D2E25B92C00E68A5A /* MapboxMaps in Frameworks */ = {isa = PBXBuildFile; productRef = E8F6A65C2E25B92C00E68A5A /* MapboxMaps */; };
		E8F6A6E92E2F48CA00E68A5A /* Modals in Frameworks */ = {isa = PBXBuildFile; productRef = E8F6A6E82E2F48CA00E68A5A /* Modals */; };
/* End PBXBuildFile section */

/* Begin PBXFileReference section */
		E82A5BBA2E22E60A00CD5C87 /* CampusNav.app */ = {isa = PBXFileReference; explicitFileType = wrapper.application; includeInIndex = 0; path = CampusNav.app; sourceTree = BUILT_PRODUCTS_DIR; };
/* End PBXFileReference section */

/* Begin PBXFileSystemSynchronizedBuildFileExceptionSet section */
		E8F6A6592E25B78300E68A5A /* Exceptions for "CampusNav" folder in "CampusNav" target */ = {
			isa = PBXFileSystemSynchronizedBuildFileExceptionSet;
			membershipExceptions = (
				Info.plist,
			);
			target = E82A5BB92E22E60A00CD5C87 /* CampusNav */;
		};
/* End PBXFileSystemSynchronizedBuildFileExceptionSet section */

/* Begin PBXFileSystemSynchronizedRootGroup section */
		E82A5BBC2E22E60A00CD5C87 /* CampusNav */ = {
			isa = PBXFileSystemSynchronizedRootGroup;
			exceptions = (
				E8F6A6592E25B78300E68A5A /* Exceptions for "CampusNav" folder in "CampusNav" target */,
			);
			path = CampusNav;
			sourceTree = "<group>";
		};
/* End PBXFileSystemSynchronizedRootGroup section */

/* Begin PBXFrameworksBuildPhase section */
		E82A5BB72E22E60A00CD5C87 /* Frameworks */ = {
			isa = PBXFrameworksBuildPhase;
			buildActionMask = 2147483647;
			files = (
				E8CD6FBB2E3847FC00B71633 /* FirebaseAnalyticsIdentitySupport in Frameworks */,
				E8CD6FB52E3847FC00B71633 /* FirebaseAI in Frameworks */,
				E8F6A65D2E25B92C00E68A5A /* MapboxMaps in Frameworks */,
				E8CD6FC22E38493000B71633 /* FirebaseFirestore in Frameworks */,
				E8CD6FB72E3847FC00B71633 /* FirebaseAnalytics in Frameworks */,
				E8F6A6542E25806900E68A5A /* ArcGISToolkit in Frameworks */,
				E8F6A6E92E2F48CA00E68A5A /* Modals in Frameworks */,
				E8CD6FB92E3847FC00B71633 /* FirebaseAnalyticsCore in Frameworks */,
				E8CD6FBD2E3847FC00B71633 /* FirebaseAppCheck in Frameworks */,
				E8F6A6512E257FB500E68A5A /* ArcGIS in Frameworks */,
			);
			runOnlyForDeploymentPostprocessing = 0;
		};
/* End PBXFrameworksBuildPhase section */

/* Begin PBXGroup section */
		E82A5BB12E22E60A00CD5C87 = {
			isa = PBXGroup;
			children = (
				E82A5BBC2E22E60A00CD5C87 /* CampusNav */,
				E8CD6FC02E38493000B71633 /* Frameworks */,
				E82A5BBB2E22E60A00CD5C87 /* Products */,
			);
			sourceTree = "<group>";
		};
		E82A5BBB2E22E60A00CD5C87 /* Products */ = {
			isa = PBXGroup;
			children = (
				E82A5BBA2E22E60A00CD5C87 /* CampusNav.app */,
			);
			name = Products;
			sourceTree = "<group>";
		};
		E8CD6FC02E38493000B71633 /* Frameworks */ = {
			isa = PBXGroup;
			children = (
			);
			name = Frameworks;
			sourceTree = "<group>";
		};
/* End PBXGroup section */

/* Begin PBXNativeTarget section */
		E82A5BB92E22E60A00CD5C87 /* CampusNav */ = {
			isa = PBXNativeTarget;
			buildConfigurationList = E82A5BC82E22E61100CD5C87 /* Build configuration list for PBXNativeTarget "CampusNav" */;
			buildPhases = (
				E82A5BB62E22E60A00CD5C87 /* Sources */,
				E82A5BB72E22E60A00CD5C87 /* Frameworks */,
				E82A5BB82E22E60A00CD5C87 /* Resources */,
			);
			buildRules = (
			);
			dependencies = (
			);
			fileSystemSynchronizedGroups = (
				E82A5BBC2E22E60A00CD5C87 /* CampusNav */,
			);
			name = CampusNav;
			packageProductDependencies = (
				E8F6A6502E257FB500E68A5A /* ArcGIS */,
				E8F6A6532E25806900E68A5A /* ArcGISToolkit */,
				E8F6A65C2E25B92C00E68A5A /* MapboxMaps */,
				E8F6A6E82E2F48CA00E68A5A /* Modals */,
				E8CD6FB42E3847FC00B71633 /* FirebaseAI */,
				E8CD6FB62E3847FC00B71633 /* FirebaseAnalytics */,
				E8CD6FB82E3847FC00B71633 /* FirebaseAnalyticsCore */,
				E8CD6FBA2E3847FC00B71633 /* FirebaseAnalyticsIdentitySupport */,
				E8CD6FBC2E3847FC00B71633 /* FirebaseAppCheck */,
				E8CD6FC12E38493000B71633 /* FirebaseFirestore */,
			);
			productName = CampusNav;
			productReference = E82A5BBA2E22E60A00CD5C87 /* CampusNav.app */;
			productType = "com.apple.product-type.application";
		};
/* End PBXNativeTarget section */

/* Begin PBXProject section */
		E82A5BB22E22E60A00CD5C87 /* Project object */ = {
			isa = PBXProject;
			attributes = {
				BuildIndependentTargetsInParallel = 1;
				LastSwiftUpdateCheck = 1620;
				LastUpgradeCheck = 1620;
				TargetAttributes = {
					E82A5BB92E22E60A00CD5C87 = {
						CreatedOnToolsVersion = 16.2;
					};
				};
			};
			buildConfigurationList = E82A5BB52E22E60A00CD5C87 /* Build configuration list for PBXProject "CampusNav" */;
			developmentRegion = en;
			hasScannedForEncodings = 0;
			knownRegions = (
				en,
				Base,
			);
			mainGroup = E82A5BB12E22E60A00CD5C87;
			minimizedProjectReferenceProxies = 1;
			packageReferences = (
				E8F6A64F2E257FB500E68A5A /* XCRemoteSwiftPackageReference "arcgis-maps-sdk-swift" */,
				E8F6A6522E25806900E68A5A /* XCRemoteSwiftPackageReference "arcgis-maps-sdk-swift-toolkit" */,
				E8F6A65B2E25B92C00E68A5A /* XCRemoteSwiftPackageReference "mapbox-maps-ios" */,
				E8F6A6E72E2F48CA00E68A5A /* XCRemoteSwiftPackageReference "Modals" */,
				E8CD6FB32E3846F200B71633 /* XCRemoteSwiftPackageReference "firebase-ios-sdk" */,
			);
			preferredProjectObjectVersion = 77;
			productRefGroup = E82A5BBB2E22E60A00CD5C87 /* Products */;
			projectDirPath = "";
			projectRoot = "";
			targets = (
				E82A5BB92E22E60A00CD5C87 /* CampusNav */,
			);
		};
/* End PBXProject section */

/* Begin PBXResourcesBuildPhase section */
		E82A5BB82E22E60A00CD5C87 /* Resources */ = {
			isa = PBXResourcesBuildPhase;
			buildActionMask = 2147483647;
			files = (
			);
			runOnlyForDeploymentPostprocessing = 0;
		};
/* End PBXResourcesBuildPhase section */

/* Begin PBXSourcesBuildPhase section */
		E82A5BB62E22E60A00CD5C87 /* Sources */ = {
			isa = PBXSourcesBuildPhase;
			buildActionMask = 2147483647;
			files = (
			);
			runOnlyForDeploymentPostprocessing = 0;
		};
/* End PBXSourcesBuildPhase section */

/* Begin XCBuildConfiguration section */
		E82A5BC62E22E61100CD5C87 /* Debug */ = {
			isa = XCBuildConfiguration;
			buildSettings = {
				ALWAYS_SEARCH_USER_PATHS = NO;
				ASSETCATALOG_COMPILER_GENERATE_SWIFT_ASSET_SYMBOL_EXTENSIONS = YES;
				CLANG_ANALYZER_NONNULL = YES;
				CLANG_ANALYZER_NUMBER_OBJECT_CONVERSION = YES_AGGRESSIVE;
				CLANG_CXX_LANGUAGE_STANDARD = "gnu++20";
				CLANG_ENABLE_MODULES = YES;
				CLANG_ENABLE_OBJC_ARC = YES;
				CLANG_ENABLE_OBJC_WEAK = YES;
				CLANG_WARN_BLOCK_CAPTURE_AUTORELEASING = YES;
				CLANG_WARN_BOOL_CONVERSION = YES;
				CLANG_WARN_COMMA = YES;
				CLANG_WARN_CONSTANT_CONVERSION = YES;
				CLANG_WARN_DEPRECATED_OBJC_IMPLEMENTATIONS = YES;
				CLANG_WARN_DIRECT_OBJC_ISA_USAGE = YES_ERROR;
				CLANG_WARN_DOCUMENTATION_COMMENTS = YES;
				CLANG_WARN_EMPTY_BODY = YES;
				CLANG_WARN_ENUM_CONVERSION = YES;
				CLANG_WARN_INFINITE_RECURSION = YES;
				CLANG_WARN_INT_CONVERSION = YES;
				CLANG_WARN_NON_LITERAL_NULL_CONVERSION = YES;
				CLANG_WARN_OBJC_IMPLICIT_RETAIN_SELF = YES;
				CLANG_WARN_OBJC_LITERAL_CONVERSION = YES;
				CLANG_WARN_OBJC_ROOT_CLASS = YES_ERROR;
				CLANG_WARN_QUOTED_INCLUDE_IN_FRAMEWORK_HEADER = YES;
				CLANG_WARN_RANGE_LOOP_ANALYSIS = YES;
				CLANG_WARN_STRICT_PROTOTYPES = YES;
				CLANG_WARN_SUSPICIOUS_MOVE = YES;
				CLANG_WARN_UNGUARDED_AVAILABILITY = YES_AGGRESSIVE;
				CLANG_WARN_UNREACHABLE_CODE = YES;
				CLANG_WARN__DUPLICATE_METHOD_MATCH = YES;
				COPY_PHASE_STRIP = NO;
				DEBUG_INFORMATION_FORMAT = dwarf;
				ENABLE_STRICT_OBJC_MSGSEND = YES;
				ENABLE_TESTABILITY = YES;
				ENABLE_USER_SCRIPT_SANDBOXING = YES;
				GCC_C_LANGUAGE_STANDARD = gnu17;
				GCC_DYNAMIC_NO_PIC = NO;
				GCC_NO_COMMON_BLOCKS = YES;
				GCC_OPTIMIZATION_LEVEL = 0;
				GCC_PREPROCESSOR_DEFINITIONS = (
					"DEBUG=1",
					"$(inherited)",
				);
				GCC_WARN_64_TO_32_BIT_CONVERSION = YES;
				GCC_WARN_ABOUT_RETURN_TYPE = YES_ERROR;
				GCC_WARN_UNDECLARED_SELECTOR = YES;
				GCC_WARN_UNINITIALIZED_AUTOS = YES_AGGRESSIVE;
				GCC_WARN_UNUSED_FUNCTION = YES;
				GCC_WARN_UNUSED_VARIABLE = YES;
				IPHONEOS_DEPLOYMENT_TARGET = 18.2;
				LOCALIZATION_PREFERS_STRING_CATALOGS = YES;
				MTL_ENABLE_DEBUG_INFO = INCLUDE_SOURCE;
				MTL_FAST_MATH = YES;
				ONLY_ACTIVE_ARCH = YES;
				SDKROOT = iphoneos;
				SWIFT_ACTIVE_COMPILATION_CONDITIONS = "DEBUG $(inherited)";
				SWIFT_OPTIMIZATION_LEVEL = "-Onone";
			};
			name = Debug;
		};
		E82A5BC72E22E61100CD5C87 /* Release */ = {
			isa = XCBuildConfiguration;
			buildSettings = {
				ALWAYS_SEARCH_USER_PATHS = NO;
				ASSETCATALOG_COMPILER_GENERATE_SWIFT_ASSET_SYMBOL_EXTENSIONS = YES;
				CLANG_ANALYZER_NONNULL = YES;
				CLANG_ANALYZER_NUMBER_OBJECT_CONVERSION = YES_AGGRESSIVE;
				CLANG_CXX_LANGUAGE_STANDARD = "gnu++20";
				CLANG_ENABLE_MODULES = YES;
				CLANG_ENABLE_OBJC_ARC = YES;
				CLANG_ENABLE_OBJC_WEAK = YES;
				CLANG_WARN_BLOCK_CAPTURE_AUTORELEASING = YES;
				CLANG_WARN_BOOL_CONVERSION = YES;
				CLANG_WARN_COMMA = YES;
				CLANG_WARN_CONSTANT_CONVERSION = YES;
				CLANG_WARN_DEPRECATED_OBJC_IMPLEMENTATIONS = YES;
				CLANG_WARN_DIRECT_OBJC_ISA_USAGE = YES_ERROR;
				CLANG_WARN_DOCUMENTATION_COMMENTS = YES;
				CLANG_WARN_EMPTY_BODY = YES;
				CLANG_WARN_ENUM_CONVERSION = YES;
				CLANG_WARN_INFINITE_RECURSION = YES;
				CLANG_WARN_INT_CONVERSION = YES;
				CLANG_WARN_NON_LITERAL_NULL_CONVERSION = YES;
				CLANG_WARN_OBJC_IMPLICIT_RETAIN_SELF = YES;
				CLANG_WARN_OBJC_LITERAL_CONVERSION = YES;
				CLANG_WARN_OBJC_ROOT_CLASS = YES_ERROR;
				CLANG_WARN_QUOTED_INCLUDE_IN_FRAMEWORK_HEADER = YES;
				CLANG_WARN_RANGE_LOOP_ANALYSIS = YES;
				CLANG_WARN_STRICT_PROTOTYPES = YES;
				CLANG_WARN_SUSPICIOUS_MOVE = YES;
				CLANG_WARN_UNGUARDED_AVAILABILITY = YES_AGGRESSIVE;
				CLANG_WARN_UNREACHABLE_CODE = YES;
				CLANG_WARN__DUPLICATE_METHOD_MATCH = YES;
				COPY_PHASE_STRIP = NO;
				DEBUG_INFORMATION_FORMAT = "dwarf-with-dsym";
				ENABLE_NS_ASSERTIONS = NO;
				ENABLE_STRICT_OBJC_MSGSEND = YES;
				ENABLE_USER_SCRIPT_SANDBOXING = YES;
				GCC_C_LANGUAGE_STANDARD = gnu17;
				GCC_NO_COMMON_BLOCKS = YES;
				GCC_WARN_64_TO_32_BIT_CONVERSION = YES;
				GCC_WARN_ABOUT_RETURN_TYPE = YES_ERROR;
				GCC_WARN_UNDECLARED_SELECTOR = YES;
				GCC_WARN_UNINITIALIZED_AUTOS = YES_AGGRESSIVE;
				GCC_WARN_UNUSED_FUNCTION = YES;
				GCC_WARN_UNUSED_VARIABLE = YES;
				IPHONEOS_DEPLOYMENT_TARGET = 18.2;
				LOCALIZATION_PREFERS_STRING_CATALOGS = YES;
				MTL_ENABLE_DEBUG_INFO = NO;
				MTL_FAST_MATH = YES;
				SDKROOT = iphoneos;
				SWIFT_COMPILATION_MODE = wholemodule;
				VALIDATE_PRODUCT = YES;
			};
			name = Release;
		};
		E82A5BC92E22E61100CD5C87 /* Debug */ = {
			isa = XCBuildConfiguration;
			buildSettings = {
				ASSETCATALOG_COMPILER_APPICON_NAME = AppIcon;
				ASSETCATALOG_COMPILER_GLOBAL_ACCENT_COLOR_NAME = AccentColor;
				CODE_SIGN_STYLE = Automatic;
				CURRENT_PROJECT_VERSION = 1;
				DEVELOPMENT_ASSET_PATHS = "\"CampusNav/Preview Content\"";
				DEVELOPMENT_TEAM = G546PX9MB2;
				ENABLE_PREVIEWS = YES;
				GENERATE_INFOPLIST_FILE = YES;
				INFOPLIST_FILE = CampusNav/Info.plist;
				INFOPLIST_KEY_NSLocationWhenInUseUsageDescription = "Allow your location to determine navigation";
				INFOPLIST_KEY_UIApplicationSceneManifest_Generation = YES;
				INFOPLIST_KEY_UIApplicationSupportsIndirectInputEvents = YES;
				INFOPLIST_KEY_UILaunchScreen_Generation = YES;
				INFOPLIST_KEY_UISupportedInterfaceOrientations_iPad = "UIInterfaceOrientationPortrait UIInterfaceOrientationPortraitUpsideDown UIInterfaceOrientationLandscapeLeft UIInterfaceOrientationLandscapeRight";
				INFOPLIST_KEY_UISupportedInterfaceOrientations_iPhone = "UIInterfaceOrientationPortrait UIInterfaceOrientationLandscapeLeft UIInterfaceOrientationLandscapeRight";
				LD_RUNPATH_SEARCH_PATHS = (
					"$(inherited)",
					"@executable_path/Frameworks",
				);
				MARKETING_VERSION = 1.0;
				PRODUCT_BUNDLE_IDENTIFIER = JonahBlackmon.CampusNav;
				PRODUCT_NAME = "$(TARGET_NAME)";
				SWIFT_EMIT_LOC_STRINGS = YES;
				SWIFT_VERSION = 5.0;
				TARGETED_DEVICE_FAMILY = "1,2";
			};
			name = Debug;
		};
		E82A5BCA2E22E61100CD5C87 /* Release */ = {
			isa = XCBuildConfiguration;
			buildSettings = {
				ASSETCATALOG_COMPILER_APPICON_NAME = AppIcon;
				ASSETCATALOG_COMPILER_GLOBAL_ACCENT_COLOR_NAME = AccentColor;
				CODE_SIGN_STYLE = Automatic;
				CURRENT_PROJECT_VERSION = 1;
				DEVELOPMENT_ASSET_PATHS = "\"CampusNav/Preview Content\"";
				DEVELOPMENT_TEAM = G546PX9MB2;
				ENABLE_PREVIEWS = YES;
				GENERATE_INFOPLIST_FILE = YES;
				INFOPLIST_FILE = CampusNav/Info.plist;
				INFOPLIST_KEY_NSLocationWhenInUseUsageDescription = "Allow your location to determine navigation";
				INFOPLIST_KEY_UIApplicationSceneManifest_Generation = YES;
				INFOPLIST_KEY_UIApplicationSupportsIndirectInputEvents = YES;
				INFOPLIST_KEY_UILaunchScreen_Generation = YES;
				INFOPLIST_KEY_UISupportedInterfaceOrientations_iPad = "UIInterfaceOrientationPortrait UIInterfaceOrientationPortraitUpsideDown UIInterfaceOrientationLandscapeLeft UIInterfaceOrientationLandscapeRight";
				INFOPLIST_KEY_UISupportedInterfaceOrientations_iPhone = "UIInterfaceOrientationPortrait UIInterfaceOrientationLandscapeLeft UIInterfaceOrientationLandscapeRight";
				LD_RUNPATH_SEARCH_PATHS = (
					"$(inherited)",
					"@executable_path/Frameworks",
				);
				MARKETING_VERSION = 1.0;
				PRODUCT_BUNDLE_IDENTIFIER = JonahBlackmon.CampusNav;
				PRODUCT_NAME = "$(TARGET_NAME)";
				SWIFT_EMIT_LOC_STRINGS = YES;
				SWIFT_VERSION = 5.0;
				TARGETED_DEVICE_FAMILY = "1,2";
			};
			name = Release;
		};
/* End XCBuildConfiguration section */

/* Begin XCConfigurationList section */
		E82A5BB52E22E60A00CD5C87 /* Build configuration list for PBXProject "CampusNav" */ = {
			isa = XCConfigurationList;
			buildConfigurations = (
				E82A5BC62E22E61100CD5C87 /* Debug */,
				E82A5BC72E22E61100CD5C87 /* Release */,
			);
			defaultConfigurationIsVisible = 0;
			defaultConfigurationName = Release;
		};
		E82A5BC82E22E61100CD5C87 /* Build configuration list for PBXNativeTarget "CampusNav" */ = {
			isa = XCConfigurationList;
			buildConfigurations = (
				E82A5BC92E22E61100CD5C87 /* Debug */,
				E82A5BCA2E22E61100CD5C87 /* Release */,
			);
			defaultConfigurationIsVisible = 0;
			defaultConfigurationName = Release;
		};
/* End XCConfigurationList section */

/* Begin XCRemoteSwiftPackageReference section */
		E8CD6FB32E3846F200B71633 /* XCRemoteSwiftPackageReference "firebase-ios-sdk" */ = {
			isa = XCRemoteSwiftPackageReference;
			repositoryURL = "https://github.com/firebase/firebase-ios-sdk";
			requirement = {
				kind = upToNextMajorVersion;
				minimumVersion = 12.0.0;
			};
		};
		E8F6A64F2E257FB500E68A5A /* XCRemoteSwiftPackageReference "arcgis-maps-sdk-swift" */ = {
			isa = XCRemoteSwiftPackageReference;
			repositoryURL = "https://github.com/Esri/arcgis-maps-sdk-swift";
			requirement = {
				kind = upToNextMajorVersion;
				minimumVersion = 200.7.0;
			};
		};
		E8F6A6522E25806900E68A5A /* XCRemoteSwiftPackageReference "arcgis-maps-sdk-swift-toolkit" */ = {
			isa = XCRemoteSwiftPackageReference;
			repositoryURL = "https://github.com/Esri/arcgis-maps-sdk-swift-toolkit";
			requirement = {
				kind = upToNextMajorVersion;
				minimumVersion = 200.7.1;
			};
		};
		E8F6A65B2E25B92C00E68A5A /* XCRemoteSwiftPackageReference "mapbox-maps-ios" */ = {
			isa = XCRemoteSwiftPackageReference;
			repositoryURL = "https://github.com/mapbox/mapbox-maps-ios.git";
			requirement = {
				kind = upToNextMajorVersion;
				minimumVersion = 11.0.0;
			};
		};
		E8F6A6E72E2F48CA00E68A5A /* XCRemoteSwiftPackageReference "Modals" */ = {
			isa = XCRemoteSwiftPackageReference;
			repositoryURL = "https://github.com/fieldday-ai/Modals";
			requirement = {
				branch = main;
				kind = branch;
			};
		};
/* End XCRemoteSwiftPackageReference section */

/* Begin XCSwiftPackageProductDependency section */
		E8CD6FB42E3847FC00B71633 /* FirebaseAI */ = {
			isa = XCSwiftPackageProductDependency;
			package = E8CD6FB32E3846F200B71633 /* XCRemoteSwiftPackageReference "firebase-ios-sdk" */;
			productName = FirebaseAI;
		};
		E8CD6FB62E3847FC00B71633 /* FirebaseAnalytics */ = {
			isa = XCSwiftPackageProductDependency;
			package = E8CD6FB32E3846F200B71633 /* XCRemoteSwiftPackageReference "firebase-ios-sdk" */;
			productName = FirebaseAnalytics;
		};
		E8CD6FB82E3847FC00B71633 /* FirebaseAnalyticsCore */ = {
			isa = XCSwiftPackageProductDependency;
			package = E8CD6FB32E3846F200B71633 /* XCRemoteSwiftPackageReference "firebase-ios-sdk" */;
			productName = FirebaseAnalyticsCore;
		};
		E8CD6FBA2E3847FC00B71633 /* FirebaseAnalyticsIdentitySupport */ = {
			isa = XCSwiftPackageProductDependency;
			package = E8CD6FB32E3846F200B71633 /* XCRemoteSwiftPackageReference "firebase-ios-sdk" */;
			productName = FirebaseAnalyticsIdentitySupport;
		};
		E8CD6FBC2E3847FC00B71633 /* FirebaseAppCheck */ = {
			isa = XCSwiftPackageProductDependency;
			package = E8CD6FB32E3846F200B71633 /* XCRemoteSwiftPackageReference "firebase-ios-sdk" */;
			productName = FirebaseAppCheck;
		};
		E8CD6FC12E38493000B71633 /* FirebaseFirestore */ = {
			isa = XCSwiftPackageProductDependency;
			package = E8CD6FB32E3846F200B71633 /* XCRemoteSwiftPackageReference "firebase-ios-sdk" */;
			productName = FirebaseFirestore;
		};
		E8F6A6502E257FB500E68A5A /* ArcGIS */ = {
			isa = XCSwiftPackageProductDependency;
			package = E8F6A64F2E257FB500E68A5A /* XCRemoteSwiftPackageReference "arcgis-maps-sdk-swift" */;
			productName = ArcGIS;
		};
		E8F6A6532E25806900E68A5A /* ArcGISToolkit */ = {
			isa = XCSwiftPackageProductDependency;
			package = E8F6A6522E25806900E68A5A /* XCRemoteSwiftPackageReference "arcgis-maps-sdk-swift-toolkit" */;
			productName = ArcGISToolkit;
		};
		E8F6A65C2E25B92C00E68A5A /* MapboxMaps */ = {
			isa = XCSwiftPackageProductDependency;
			package = E8F6A65B2E25B92C00E68A5A /* XCRemoteSwiftPackageReference "mapbox-maps-ios" */;
			productName = MapboxMaps;
		};
		E8F6A6E82E2F48CA00E68A5A /* Modals */ = {
			isa = XCSwiftPackageProductDependency;
			package = E8F6A6E72E2F48CA00E68A5A /* XCRemoteSwiftPackageReference "Modals" */;
			productName = Modals;
		};
/* End XCSwiftPackageProductDependency section */
	};
	rootObject = E82A5BB22E22E60A00CD5C87 /* Project object */;
}
